
Microsoft Visual Studio Solution File, Format Version 12.00
# Visual Studio Version 16
VisualStudioVersion = 16.0.31005.135
MinimumVisualStudioVersion = 10.0.40219.1
Project("{FAE04EC0-301F-11D3-BF4B-00C04F79EFBC}") = "Zi.ZiCoffee", "Zi.ZiCoffee\Zi.ZiCoffee.csproj", "{02B306EC-DFCF-4644-9296-DAED592B961F}"
EndProject
Project("{2150E333-8FDC-42A3-9474-1A3956D46DE8}") = "2. DataComunicator", "2. DataComunicator", "{9C9C33CB-E1AB-489F-B9CB-4696194AB2CD}"
EndProject
Project("{2150E333-8FDC-42A3-9474-1A3956D46DE8}") = "1. DataManager", "1. DataManager", "{2EE16CCE-F301-4A63-80EE-EE8F5B7D2EF3}"
EndProject
Project("{2150E333-8FDC-42A3-9474-1A3956D46DE8}") = "3. UserInterface", "3. UserInterface", "{80E99F62-5C89-4609-8424-E1E965EB0C71}"
EndProject
Project("{FAE04EC0-301F-11D3-BF4B-00C04F79EFBC}") = "Zi.DatabaseEntity", "Zi.DatabaseEntity\Zi.DatabaseEntity.csproj", "{6E1FF32A-213D-4402-9F54-B66F8F981BC8}"
EndProject
Project("{2150E333-8FDC-42A3-9474-1A3956D46DE8}") = "0. Common", "0. Common", "{622C20CB-51C5-47A7-9B7A-6BA04F2EFA93}"
	ProjectSection(SolutionItems) = preProject
		README.md = README.md
	EndProjectSection
EndProject
Project("{FAE04EC0-301F-11D3-BF4B-00C04F79EFBC}") = "Zi.LinqToSqlLayer", "Zi.LinqToSqlLayer\Zi.LinqToSqlLayer.csproj", "{4F0A3CEC-E41D-4132-9DD7-CC7623F4FA23}"
EndProject
Project("{FAE04EC0-301F-11D3-BF4B-00C04F79EFBC}") = "Zi.LinqToEntityLayer", "Zi.LinqToEntityLayer\Zi.LinqToEntityLayer.csproj", "{0E896123-5412-4A67-8612-2F592715797B}"
EndProject
Project("{FAE04EC0-301F-11D3-BF4B-00C04F79EFBC}") = "Zi.ThreeLayer", "Zi.ThreeLayer\Zi.ThreeLayer.csproj", "{7B8BC208-7FAB-4BAA-9E36-45F760C14AE3}"
EndProject
Global
	GlobalSection(SolutionConfigurationPlatforms) = preSolution
		Debug|Any CPU = Debug|Any CPU
		Release|Any CPU = Release|Any CPU
	EndGlobalSection
	GlobalSection(ProjectConfigurationPlatforms) = postSolution
		{02B306EC-DFCF-4644-9296-DAED592B961F}.Debug|Any CPU.ActiveCfg = Debug|Any CPU
		{02B306EC-DFCF-4644-9296-DAED592B961F}.Debug|Any CPU.Build.0 = Debug|Any CPU
		{02B306EC-DFCF-4644-9296-DAED592B961F}.Release|Any CPU.ActiveCfg = Release|Any CPU
		{02B306EC-DFCF-4644-9296-DAED592B961F}.Release|Any CPU.Build.0 = Release|Any CPU
		{6E1FF32A-213D-4402-9F54-B66F8F981BC8}.Debug|Any CPU.ActiveCfg = Debug|Any CPU
		{6E1FF32A-213D-4402-9F54-B66F8F981BC8}.Debug|Any CPU.Build.0 = Debug|Any CPU
		{6E1FF32A-213D-4402-9F54-B66F8F981BC8}.Release|Any CPU.ActiveCfg = Release|Any CPU
		{6E1FF32A-213D-4402-9F54-B66F8F981BC8}.Release|Any CPU.Build.0 = Release|Any CPU
		{4F0A3CEC-E41D-4132-9DD7-CC7623F4FA23}.Debug|Any CPU.ActiveCfg = Debug|Any CPU
		{4F0A3CEC-E41D-4132-9DD7-CC7623F4FA23}.Debug|Any CPU.Build.0 = Debug|Any CPU
		{4F0A3CEC-E41D-4132-9DD7-CC7623F4FA23}.Release|Any CPU.ActiveCfg = Release|Any CPU
		{4F0A3CEC-E41D-4132-9DD7-CC7623F4FA23}.Release|Any CPU.Build.0 = Release|Any CPU
		{0E896123-5412-4A67-8612-2F592715797B}.Debug|Any CPU.ActiveCfg = Debug|Any CPU
		{0E896123-5412-4A67-8612-2F592715797B}.Debug|Any CPU.Build.0 = Debug|Any CPU
		{0E896123-5412-4A67-8612-2F592715797B}.Release|Any CPU.ActiveCfg = Release|Any CPU
		{0E896123-5412-4A67-8612-2F592715797B}.Release|Any CPU.Build.0 = Release|Any CPU
		{7B8BC208-7FAB-4BAA-9E36-45F760C14AE3}.Debug|Any CPU.ActiveCfg = Debug|Any CPU
		{7B8BC208-7FAB-4BAA-9E36-45F760C14AE3}.Debug|Any CPU.Build.0 = Debug|Any CPU
		{7B8BC208-7FAB-4BAA-9E36-45F760C14AE3}.Release|Any CPU.ActiveCfg = Release|Any CPU
		{7B8BC208-7FAB-4BAA-9E36-45F760C14AE3}.Release|Any CPU.Build.0 = Release|Any CPU
	EndGlobalSection
	GlobalSection(SolutionProperties) = preSolution
		HideSolutionNode = FALSE
	EndGlobalSection
	GlobalSection(NestedProjects) = preSolution
		{02B306EC-DFCF-4644-9296-DAED592B961F} = {80E99F62-5C89-4609-8424-E1E965EB0C71}
		{6E1FF32A-213D-4402-9F54-B66F8F981BC8} = {2EE16CCE-F301-4A63-80EE-EE8F5B7D2EF3}
		{4F0A3CEC-E41D-4132-9DD7-CC7623F4FA23} = {9C9C33CB-E1AB-489F-B9CB-4696194AB2CD}
		{0E896123-5412-4A67-8612-2F592715797B} = {9C9C33CB-E1AB-489F-B9CB-4696194AB2CD}
		{7B8BC208-7FAB-4BAA-9E36-45F760C14AE3} = {9C9C33CB-E1AB-489F-B9CB-4696194AB2CD}
	EndGlobalSection
	GlobalSection(ExtensibilityGlobals) = postSolution
		SolutionGuid = {8762CEC3-14F3-4185-8C48-289E6603B93D}
	EndGlobalSection
EndGlobal
